// !$*UTF8*$!
{
	archiveVersion = 1;
	classes = {
	};
	objectVersion = 60;
	objects = {

/* Begin PBXBuildFile section */
		7410622A2DF97DE200E64B15 /* OneSignalExtension in Frameworks */ = {isa = PBXBuildFile; productRef = 741062292DF97DE200E64B15 /* OneSignalExtension */; };
		7410622C2DF97DE200E64B15 /* OneSignalFramework in Frameworks */ = {isa = PBXBuildFile; productRef = 7410622B2DF97DE200E64B15 /* OneSignalFramework */; };
		7410622E2DF97DE200E64B15 /* OneSignalInAppMessages in Frameworks */ = {isa = PBXBuildFile; productRef = 7410622D2DF97DE200E64B15 /* OneSignalInAppMessages */; };
		741062302DF97DE200E64B15 /* OneSignalLocation in Frameworks */ = {isa = PBXBuildFile; productRef = 7410622F2DF97DE200E64B15 /* OneSignalLocation */; };
		741062352DF97E0100E64B15 /* CheckLink.swift in Sources */ = {isa = PBXBuildFile; fileRef = 741062312DF97E0100E64B15 /* CheckLink.swift */; };
		741062362DF97E0100E64B15 /* InternetViewController.swift in Sources */ = {isa = PBXBuildFile; fileRef = 741062322DF97E0100E64B15 /* InternetViewController.swift */; };
		741062372DF97E0100E64B15 /* LoaderViewController.swift in Sources */ = {isa = PBXBuildFile; fileRef = 741062332DF97E0100E64B15 /* LoaderViewController.swift */; };
		74D9B6902DEED1BF0070DDE5 /* Assets.xcassets in Resources */ = {isa = PBXBuildFile; fileRef = 74D9B6872DEED1BF0070DDE5 /* Assets.xcassets */; };
		74D9B6922DEED1BF0070DDE5 /* LaunchScreen.storyboard in Resources */ = {isa = PBXBuildFile; fileRef = 74D9B68A2DEED1BF0070DDE5 /* LaunchScreen.storyboard */; };
		74D9B6932DEED1BF0070DDE5 /* Main.storyboard in Resources */ = {isa = PBXBuildFile; fileRef = 74D9B68C2DEED1BF0070DDE5 /* Main.storyboard */; };
		74D9B6942DEED1BF0070DDE5 /* AppDelegate.swift in Sources */ = {isa = PBXBuildFile; fileRef = 74D9B6862DEED1BF0070DDE5 /* AppDelegate.swift */; };
		74D9B6952DEED1BF0070DDE5 /* SceneDelegate.swift in Sources */ = {isa = PBXBuildFile; fileRef = 74D9B68D2DEED1BF0070DDE5 /* SceneDelegate.swift */; };
		74D9B6962DEED1BF0070DDE5 /* ViewController.swift in Sources */ = {isa = PBXBuildFile; fileRef = 74D9B68E2DEED1BF0070DDE5 /* ViewController.swift */; };
		74D9B69C2DEED2310070DDE5 /* Level.swift in Sources */ = {isa = PBXBuildFile; fileRef = 74D9B6972DEED2310070DDE5 /* Level.swift */; };
		74D9B69D2DEED2310070DDE5 /* LevelRow.swift in Sources */ = {isa = PBXBuildFile; fileRef = 74D9B6982DEED2310070DDE5 /* LevelRow.swift */; };
		74D9B69E2DEED2310070DDE5 /* MenuButton.swift in Sources */ = {isa = PBXBuildFile; fileRef = 74D9B6992DEED2310070DDE5 /* MenuButton.swift */; };
		74D9B69F2DEED2310070DDE5 /* MergeItem.swift in Sources */ = {isa = PBXBuildFile; fileRef = 74D9B69A2DEED2310070DDE5 /* MergeItem.swift */; };
		74D9B6A82DEED2360070DDE5 /* ContentView.swift in Sources */ = {isa = PBXBuildFile; fileRef = 74D9B6A02DEED2360070DDE5 /* ContentView.swift */; };
		74D9B6A92DEED2360070DDE5 /* RulesView.swift in Sources */ = {isa = PBXBuildFile; fileRef = 74D9B6A52DEED2360070DDE5 /* RulesView.swift */; };
		74D9B6AA2DEED2360070DDE5 /* SettingsView.swift in Sources */ = {isa = PBXBuildFile; fileRef = 74D9B6A62DEED2360070DDE5 /* SettingsView.swift */; };
		74D9B6AB2DEED2360070DDE5 /* GameView.swift in Sources */ = {isa = PBXBuildFile; fileRef = 74D9B6A12DEED2360070DDE5 /* GameView.swift */; };
		74D9B6AC2DEED2360070DDE5 /* OnboardingView.swift in Sources */ = {isa = PBXBuildFile; fileRef = 74D9B6A42DEED2360070DDE5 /* OnboardingView.swift */; };
		74D9B6AD2DEED2360070DDE5 /* LevelsView.swift in Sources */ = {isa = PBXBuildFile; fileRef = 74D9B6A22DEED2360070DDE5 /* LevelsView.swift */; };
		74D9B6AE2DEED2360070DDE5 /* MainMenuView.swift in Sources */ = {isa = PBXBuildFile; fileRef = 74D9B6A32DEED2360070DDE5 /* MainMenuView.swift */; };
		74D9B6B02DEED23A0070DDE5 /* GameViewModel.swift in Sources */ = {isa = PBXBuildFile; fileRef = 74D9B6AF2DEED23A0070DDE5 /* GameViewModel.swift */; };
/* End PBXBuildFile section */

/* Begin PBXFileReference section */
		18D32643FF422F83E6DE24BB /* Pods-TapEndMergeKit.debug.xcconfig */ = {isa = PBXFileReference; includeInIndex = 1; lastKnownFileType = text.xcconfig; name = "Pods-TapEndMergeKit.debug.xcconfig"; path = "Target Support Files/Pods-TapEndMergeKit/Pods-TapEndMergeKit.debug.xcconfig"; sourceTree = "<group>"; };
		741062312DF97E0100E64B15 /* CheckLink.swift */ = {isa = PBXFileReference; lastKnownFileType = sourcecode.swift; path = CheckLink.swift; sourceTree = "<group>"; };
		741062322DF97E0100E64B15 /* InternetViewController.swift */ = {isa = PBXFileReference; lastKnownFileType = sourcecode.swift; path = InternetViewController.swift; sourceTree = "<group>"; };
		741062332DF97E0100E64B15 /* LoaderViewController.swift */ = {isa = PBXFileReference; lastKnownFileType = sourcecode.swift; path = LoaderViewController.swift; sourceTree = "<group>"; };
		74D9B65E2DEED1840070DDE5 /* TapEndMergeKit.app */ = {isa = PBXFileReference; explicitFileType = wrapper.application; includeInIndex = 0; path = TapEndMergeKit.app; sourceTree = BUILT_PRODUCTS_DIR; };
		74D9B6862DEED1BF0070DDE5 /* AppDelegate.swift */ = {isa = PBXFileReference; lastKnownFileType = sourcecode.swift; path = AppDelegate.swift; sourceTree = "<group>"; };
		74D9B6872DEED1BF0070DDE5 /* Assets.xcassets */ = {isa = PBXFileReference; lastKnownFileType = folder.assetcatalog; path = Assets.xcassets; sourceTree = "<group>"; };
		74D9B6882DEED1BF0070DDE5 /* Info.plist */ = {isa = PBXFileReference; lastKnownFileType = text.plist.xml; path = Info.plist; sourceTree = "<group>"; };
		74D9B6892DEED1BF0070DDE5 /* Base */ = {isa = PBXFileReference; lastKnownFileType = file.storyboard; name = Base; path = Base.lproj/LaunchScreen.storyboard; sourceTree = "<group>"; };
		74D9B68B2DEED1BF0070DDE5 /* Base */ = {isa = PBXFileReference; lastKnownFileType = file.storyboard; name = Base; path = Base.lproj/Main.storyboard; sourceTree = "<group>"; };
		74D9B68D2DEED1BF0070DDE5 /* SceneDelegate.swift */ = {isa = PBXFileReference; lastKnownFileType = sourcecode.swift; path = SceneDelegate.swift; sourceTree = "<group>"; };
		74D9B68E2DEED1BF0070DDE5 /* ViewController.swift */ = {isa = PBXFileReference; lastKnownFileType = sourcecode.swift; path = ViewController.swift; sourceTree = "<group>"; };
		74D9B6972DEED2310070DDE5 /* Level.swift */ = {isa = PBXFileReference; lastKnownFileType = sourcecode.swift; path = Level.swift; sourceTree = "<group>"; };
		74D9B6982DEED2310070DDE5 /* LevelRow.swift */ = {isa = PBXFileReference; lastKnownFileType = sourcecode.swift; path = LevelRow.swift; sourceTree = "<group>"; };
		74D9B6992DEED2310070DDE5 /* MenuButton.swift */ = {isa = PBXFileReference; lastKnownFileType = sourcecode.swift; path = MenuButton.swift; sourceTree = "<group>"; };
		74D9B69A2DEED2310070DDE5 /* MergeItem.swift */ = {isa = PBXFileReference; lastKnownFileType = sourcecode.swift; path = MergeItem.swift; sourceTree = "<group>"; };
		74D9B6A02DEED2360070DDE5 /* ContentView.swift */ = {isa = PBXFileReference; lastKnownFileType = sourcecode.swift; path = ContentView.swift; sourceTree = "<group>"; };
		74D9B6A12DEED2360070DDE5 /* GameView.swift */ = {isa = PBXFileReference; lastKnownFileType = sourcecode.swift; path = GameView.swift; sourceTree = "<group>"; };
		74D9B6A22DEED2360070DDE5 /* LevelsView.swift */ = {isa = PBXFileReference; lastKnownFileType = sourcecode.swift; path = LevelsView.swift; sourceTree = "<group>"; };
		74D9B6A32DEED2360070DDE5 /* MainMenuView.swift */ = {isa = PBXFileReference; lastKnownFileType = sourcecode.swift; path = MainMenuView.swift; sourceTree = "<group>"; };
		74D9B6A42DEED2360070DDE5 /* OnboardingView.swift */ = {isa = PBXFileReference; lastKnownFileType = sourcecode.swift; path = OnboardingView.swift; sourceTree = "<group>"; };
		74D9B6A52DEED2360070DDE5 /* RulesView.swift */ = {isa = PBXFileReference; lastKnownFileType = sourcecode.swift; path = RulesView.swift; sourceTree = "<group>"; };
		74D9B6A62DEED2360070DDE5 /* SettingsView.swift */ = {isa = PBXFileReference; lastKnownFileType = sourcecode.swift; path = SettingsView.swift; sourceTree = "<group>"; };
		74D9B6AF2DEED23A0070DDE5 /* GameViewModel.swift */ = {isa = PBXFileReference; lastKnownFileType = sourcecode.swift; path = GameViewModel.swift; sourceTree = "<group>"; };
		B157051648C2E9033599D652 /* Pods-TapEndMergeKit.release.xcconfig */ = {isa = PBXFileReference; includeInIndex = 1; lastKnownFileType = text.xcconfig; name = "Pods-TapEndMergeKit.release.xcconfig"; path = "Target Support Files/Pods-TapEndMergeKit/Pods-TapEndMergeKit.release.xcconfig"; sourceTree = "<group>"; };
		BC08B884945E9EE40EFC39D1 /* Pods_TapEndMergeKit.framework */ = {isa = PBXFileReference; explicitFileType = wrapper.framework; includeInIndex = 0; path = Pods_TapEndMergeKit.framework; sourceTree = BUILT_PRODUCTS_DIR; };
/* End PBXFileReference section */

/* Begin PBXFrameworksBuildPhase section */
		74D9B65B2DEED1840070DDE5 /* Frameworks */ = {
			isa = PBXFrameworksBuildPhase;
			buildActionMask = 2147483647;
			files = (
				7410622E2DF97DE200E64B15 /* OneSignalInAppMessages in Frameworks */,
				7410622C2DF97DE200E64B15 /* OneSignalFramework in Frameworks */,
				741062302DF97DE200E64B15 /* OneSignalLocation in Frameworks */,
				7410622A2DF97DE200E64B15 /* OneSignalExtension in Frameworks */,
			);
			runOnlyForDeploymentPostprocessing = 0;
		};
/* End PBXFrameworksBuildPhase section */

/* Begin PBXGroup section */
		741062342DF97E0100E64B15 /* LoadingView */ = {
			isa = PBXGroup;
			children = (
				741062312DF97E0100E64B15 /* CheckLink.swift */,
				741062322DF97E0100E64B15 /* InternetViewController.swift */,
				741062332DF97E0100E64B15 /* LoaderViewController.swift */,
			);
			path = LoadingView;
			sourceTree = "<group>";
		};
		74D9B6552DEED1840070DDE5 = {
			isa = PBXGroup;
			children = (
				74D9B68F2DEED1BF0070DDE5 /* TapEndMergeKit */,
				74D9B65F2DEED1840070DDE5 /* Products */,
				A076E0143B6162E9A66ACEF2 /* Pods */,
				BC7571C60A35630B5BDEFA53 /* Frameworks */,
			);
			sourceTree = "<group>";
		};
		74D9B65F2DEED1840070DDE5 /* Products */ = {
			isa = PBXGroup;
			children = (
				74D9B65E2DEED1840070DDE5 /* TapEndMergeKit.app */,
			);
			name = Products;
			sourceTree = "<group>";
		};
		74D9B68F2DEED1BF0070DDE5 /* TapEndMergeKit */ = {
			isa = PBXGroup;
			children = (
				74D9B6862DEED1BF0070DDE5 /* AppDelegate.swift */,
				74D9B6872DEED1BF0070DDE5 /* Assets.xcassets */,
				74D9B6882DEED1BF0070DDE5 /* Info.plist */,
				74D9B68A2DEED1BF0070DDE5 /* LaunchScreen.storyboard */,
				74D9B68C2DEED1BF0070DDE5 /* Main.storyboard */,
				74D9B68D2DEED1BF0070DDE5 /* SceneDelegate.swift */,
				74D9B68E2DEED1BF0070DDE5 /* ViewController.swift */,
				74D9B69B2DEED2310070DDE5 /* Helpers */,
				74D9B6A72DEED2360070DDE5 /* View */,
				74D9B6AF2DEED23A0070DDE5 /* GameViewModel.swift */,
			);
			path = TapEndMergeKit;
			sourceTree = "<group>";
		};
		74D9B69B2DEED2310070DDE5 /* Helpers */ = {
			isa = PBXGroup;
			children = (
				74D9B6972DEED2310070DDE5 /* Level.swift */,
				74D9B6982DEED2310070DDE5 /* LevelRow.swift */,
				74D9B6992DEED2310070DDE5 /* MenuButton.swift */,
				74D9B69A2DEED2310070DDE5 /* MergeItem.swift */,
			);
			path = Helpers;
			sourceTree = "<group>";
		};
		74D9B6A72DEED2360070DDE5 /* View */ = {
			isa = PBXGroup;
			children = (
				74D9B6A02DEED2360070DDE5 /* ContentView.swift */,
				74D9B6A12DEED2360070DDE5 /* GameView.swift */,
				74D9B6A22DEED2360070DDE5 /* LevelsView.swift */,
				74D9B6A32DEED2360070DDE5 /* MainMenuView.swift */,
				74D9B6A42DEED2360070DDE5 /* OnboardingView.swift */,
				74D9B6A52DEED2360070DDE5 /* RulesView.swift */,
				74D9B6A62DEED2360070DDE5 /* SettingsView.swift */,
				741062342DF97E0100E64B15 /* LoadingView */,
			);
			path = View;
			sourceTree = "<group>";
		};
		A076E0143B6162E9A66ACEF2 /* Pods */ = {
			isa = PBXGroup;
			children = (
				18D32643FF422F83E6DE24BB /* Pods-TapEndMergeKit.debug.xcconfig */,
				B157051648C2E9033599D652 /* Pods-TapEndMergeKit.release.xcconfig */,
			);
			path = Pods;
			sourceTree = "<group>";
		};
		BC7571C60A35630B5BDEFA53 /* Frameworks */ = {
			isa = PBXGroup;
			children = (
				BC08B884945E9EE40EFC39D1 /* Pods_TapEndMergeKit.framework */,
			);
			name = Frameworks;
			sourceTree = "<group>";
		};
/* End PBXGroup section */

/* Begin PBXNativeTarget section */
		74D9B65D2DEED1840070DDE5 /* TapEndMergeKit */ = {
			isa = PBXNativeTarget;
			buildConfigurationList = 74D9B6712DEED1850070DDE5 /* Build configuration list for PBXNativeTarget "TapEndMergeKit" */;
			buildPhases = (
				AF0290574633BE4BC6167FF4 /* [CP] Check Pods Manifest.lock */,
				74D9B65A2DEED1840070DDE5 /* Sources */,
				74D9B65B2DEED1840070DDE5 /* Frameworks */,
				74D9B65C2DEED1840070DDE5 /* Resources */,
			);
			buildRules = (
			);
			dependencies = (
			);
			name = TapEndMergeKit;
			productName = TapEndMergeKit;
			productReference = 74D9B65E2DEED1840070DDE5 /* TapEndMergeKit.app */;
			productType = "com.apple.product-type.application";
		};
/* End PBXNativeTarget section */

/* Begin PBXProject section */
		74D9B6562DEED1840070DDE5 /* Project object */ = {
			isa = PBXProject;
			attributes = {
				BuildIndependentTargetsInParallel = 1;
				LastSwiftUpdateCheck = 1640;
				LastUpgradeCheck = 1640;
				TargetAttributes = {
					74D9B65D2DEED1840070DDE5 = {
						CreatedOnToolsVersion = 16.4;
					};
				};
			};
			buildConfigurationList = 74D9B6592DEED1840070DDE5 /* Build configuration list for PBXProject "TapEndMergeKit" */;
			compatibilityVersion = "Xcode 15.0";
			developmentRegion = en;
			hasScannedForEncodings = 0;
			knownRegions = (
				en,
				Base,
			);
			mainGroup = 74D9B6552DEED1840070DDE5;
			packageReferences = (
				741062282DF97DE200E64B15 /* XCRemoteSwiftPackageReference "OneSignal-iOS-SDK" */,
			);
			productRefGroup = 74D9B65F2DEED1840070DDE5 /* Products */;
			projectDirPath = "";
			projectRoot = "";
			targets = (
				74D9B65D2DEED1840070DDE5 /* TapEndMergeKit */,
			);
		};
/* End PBXProject section */

/* Begin PBXResourcesBuildPhase section */
		74D9B65C2DEED1840070DDE5 /* Resources */ = {
			isa = PBXResourcesBuildPhase;
			buildActionMask = 2147483647;
			files = (
				74D9B6902DEED1BF0070DDE5 /* Assets.xcassets in Resources */,
				74D9B6922DEED1BF0070DDE5 /* LaunchScreen.storyboard in Resources */,
				74D9B6932DEED1BF0070DDE5 /* Main.storyboard in Resources */,
			);
			runOnlyForDeploymentPostprocessing = 0;
		};
/* End PBXResourcesBuildPhase section */

/* Begin PBXShellScriptBuildPhase section */
		AF0290574633BE4BC6167FF4 /* [CP] Check Pods Manifest.lock */ = {
			isa = PBXShellScriptBuildPhase;
			buildActionMask = 2147483647;
			files = (
			);
			inputFileListPaths = (
			);
			inputPaths = (
				"${PODS_PODFILE_DIR_PATH}/Podfile.lock",
				"${PODS_ROOT}/Manifest.lock",
			);
			name = "[CP] Check Pods Manifest.lock";
			outputFileListPaths = (
			);
			outputPaths = (
				"$(DERIVED_FILE_DIR)/Pods-TapEndMergeKit-checkManifestLockResult.txt",
			);
			runOnlyForDeploymentPostprocessing = 0;
			shellPath = /bin/sh;
			shellScript = "diff \"${PODS_PODFILE_DIR_PATH}/Podfile.lock\" \"${PODS_ROOT}/Manifest.lock\" > /dev/null\nif [ $? != 0 ] ; then\n    # print error to STDERR\n    echo \"error: The sandbox is not in sync with the Podfile.lock. Run 'pod install' or update your CocoaPods installation.\" >&2\n    exit 1\nfi\n# This output is used by Xcode 'outputs' to avoid re-running this script phase.\necho \"SUCCESS\" > \"${SCRIPT_OUTPUT_FILE_0}\"\n";
			showEnvVarsInLog = 0;
		};
/* End PBXShellScriptBuildPhase section */

/* Begin PBXSourcesBuildPhase section */
		74D9B65A2DEED1840070DDE5 /* Sources */ = {
			isa = PBXSourcesBuildPhase;
			buildActionMask = 2147483647;
			files = (
				741062352DF97E0100E64B15 /* CheckLink.swift in Sources */,
				741062362DF97E0100E64B15 /* InternetViewController.swift in Sources */,
				741062372DF97E0100E64B15 /* LoaderViewController.swift in Sources */,
				74D9B69C2DEED2310070DDE5 /* Level.swift in Sources */,
				74D9B6A82DEED2360070DDE5 /* ContentView.swift in Sources */,
				74D9B6A92DEED2360070DDE5 /* RulesView.swift in Sources */,
				74D9B6B02DEED23A0070DDE5 /* GameViewModel.swift in Sources */,
				74D9B6AA2DEED2360070DDE5 /* SettingsView.swift in Sources */,
				74D9B6AB2DEED2360070DDE5 /* GameView.swift in Sources */,
				74D9B6AC2DEED2360070DDE5 /* OnboardingView.swift in Sources */,
				74D9B6AD2DEED2360070DDE5 /* LevelsView.swift in Sources */,
				74D9B6AE2DEED2360070DDE5 /* MainMenuView.swift in Sources */,
				74D9B69D2DEED2310070DDE5 /* LevelRow.swift in Sources */,
				74D9B69E2DEED2310070DDE5 /* MenuButton.swift in Sources */,
				74D9B69F2DEED2310070DDE5 /* MergeItem.swift in Sources */,
				74D9B6942DEED1BF0070DDE5 /* AppDelegate.swift in Sources */,
				74D9B6952DEED1BF0070DDE5 /* SceneDelegate.swift in Sources */,
				74D9B6962DEED1BF0070DDE5 /* ViewController.swift in Sources */,
			);
			runOnlyForDeploymentPostprocessing = 0;
		};
/* End PBXSourcesBuildPhase section */

/* Begin PBXVariantGroup section */
		74D9B68A2DEED1BF0070DDE5 /* LaunchScreen.storyboard */ = {
			isa = PBXVariantGroup;
			children = (
				74D9B6892DEED1BF0070DDE5 /* Base */,
			);
			name = LaunchScreen.storyboard;
			sourceTree = "<group>";
		};
		74D9B68C2DEED1BF0070DDE5 /* Main.storyboard */ = {
			isa = PBXVariantGroup;
			children = (
				74D9B68B2DEED1BF0070DDE5 /* Base */,
			);
			name = Main.storyboard;
			sourceTree = "<group>";
		};
/* End PBXVariantGroup section */

/* Begin XCBuildConfiguration section */
		74D9B6722DEED1850070DDE5 /* Debug */ = {
			isa = XCBuildConfiguration;
			baseConfigurationReference = 18D32643FF422F83E6DE24BB /* Pods-TapEndMergeKit.debug.xcconfig */;
			buildSettings = {
				ASSETCATALOG_COMPILER_APPICON_NAME = AppIcon;
				ASSETCATALOG_COMPILER_GLOBAL_ACCENT_COLOR_NAME = AccentColor;
				CODE_SIGN_STYLE = Automatic;
				CURRENT_PROJECT_VERSION = 1;
				GENERATE_INFOPLIST_FILE = YES;
				INFOPLIST_FILE = TapEndMergeKit/Info.plist;
				INFOPLIST_KEY_CFBundleDisplayName = TapEndMerge;
				INFOPLIST_KEY_UIApplicationSupportsIndirectInputEvents = YES;
				INFOPLIST_KEY_UILaunchStoryboardName = LaunchScreen;
				INFOPLIST_KEY_UIMainStoryboardFile = Main;
				INFOPLIST_KEY_UISupportedInterfaceOrientations = UIInterfaceOrientationPortrait;
				INFOPLIST_KEY_UISupportedInterfaceOrientations_iPad = "UIInterfaceOrientationLandscapeLeft UIInterfaceOrientationLandscapeRight UIInterfaceOrientationPortrait UIInterfaceOrientationPortraitUpsideDown";
				IPHONEOS_DEPLOYMENT_TARGET = 16.6;
				LD_RUNPATH_SEARCH_PATHS = (
					"$(inherited)",
					"@executable_path/Frameworks",
				);
				MARKETING_VERSION = 1.1;
				PRODUCT_BUNDLE_IDENTIFIER = com.tapendmegre.1622;
				PRODUCT_NAME = "$(TARGET_NAME)";
				SUPPORTED_PLATFORMS = "iphoneos iphonesimulator";
				SUPPORTS_MACCATALYST = NO;
				SUPPORTS_MAC_DESIGNED_FOR_IPHONE_IPAD = NO;
				SUPPORTS_XR_DESIGNED_FOR_IPHONE_IPAD = NO;
				SWIFT_EMIT_LOC_STRINGS = YES;
				SWIFT_VERSION = 5.0;
				TARGETED_DEVICE_FAMILY = 1;
			};
			name = Debug;
		};
		74D9B6732DEED1850070DDE5 /* Release */ = {
			isa = XCBuildConfiguration;
			baseConfigurationReference = B157051648C2E9033599D652 /* Pods-TapEndMergeKit.release.xcconfig */;
			buildSettings = {
				ASSETCATALOG_COMPILER_APPICON_NAME = AppIcon;
				ASSETCATALOG_COMPILER_GLOBAL_ACCENT_COLOR_NAME = AccentColor;
				CODE_SIGN_STYLE = Automatic;
				CURRENT_PROJECT_VERSION = 1;
				GENERATE_INFOPLIST_FILE = YES;
				INFOPLIST_FILE = TapEndMergeKit/Info.plist;
				INFOPLIST_KEY_CFBundleDisplayName = TapEndMerge;
				INFOPLIST_KEY_UIApplicationSupportsIndirectInputEvents = YES;
				INFOPLIST_KEY_UILaunchStoryboardName = LaunchScreen;
				INFOPLIST_KEY_UIMainStoryboardFile = Main;
				INFOPLIST_KEY_UISupportedInterfaceOrientations = UIInterfaceOrientationPortrait;
				INFOPLIST_KEY_UISupportedInterfaceOrientations_iPad = "UIInterfaceOrientationLandscapeLeft UIInterfaceOrientationLandscapeRight UIInterfaceOrientationPortrait UIInterfaceOrientationPortraitUpsideDown";
				IPHONEOS_DEPLOYMENT_TARGET = 16.6;
				LD_RUNPATH_SEARCH_PATHS = (
					"$(inherited)",
					"@executable_path/Frameworks",
				);
				MARKETING_VERSION = 1.1;
				PRODUCT_BUNDLE_IDENTIFIER = com.tapendmegre.1622;
				PRODUCT_NAME = "$(TARGET_NAME)";
				SUPPORTED_PLATFORMS = "iphoneos iphonesimulator";
				SUPPORTS_MACCATALYST = NO;
				SUPPORTS_MAC_DESIGNED_FOR_IPHONE_IPAD = NO;
				SUPPORTS_XR_DESIGNED_FOR_IPHONE_IPAD = NO;
				SWIFT_EMIT_LOC_STRINGS = YES;
				SWIFT_VERSION = 5.0;
				TARGETED_DEVICE_FAMILY = 1;
			};
			name = Release;
		};
		74D9B6742DEED1850070DDE5 /* Debug */ = {
			isa = XCBuildConfiguration;
			buildSettings = {
				ALWAYS_SEARCH_USER_PATHS = NO;
				ASSETCATALOG_COMPILER_GENERATE_SWIFT_ASSET_SYMBOL_EXTENSIONS = YES;
				CLANG_ANALYZER_NONNULL = YES;
				CLANG_ANALYZER_NUMBER_OBJECT_CONVERSION = YES_AGGRESSIVE;
				CLANG_CXX_LANGUAGE_STANDARD = "gnu++20";
				CLANG_ENABLE_MODULES = YES;
				CLANG_ENABLE_OBJC_ARC = YES;
				CLANG_ENABLE_OBJC_WEAK = YES;
				CLANG_WARN_BLOCK_CAPTURE_AUTORELEASING = YES;
				CLANG_WARN_BOOL_CONVERSION = YES;
				CLANG_WARN_COMMA = YES;
				CLANG_WARN_CONSTANT_CONVERSION = YES;
				CLANG_WARN_DEPRECATED_OBJC_IMPLEMENTATIONS = YES;
				CLANG_WARN_DIRECT_OBJC_ISA_USAGE = YES_ERROR;
				CLANG_WARN_DOCUMENTATION_COMMENTS = YES;
				CLANG_WARN_EMPTY_BODY = YES;
				CLANG_WARN_ENUM_CONVERSION = YES;
				CLANG_WARN_INFINITE_RECURSION = YES;
				CLANG_WARN_INT_CONVERSION = YES;
				CLANG_WARN_NON_LITERAL_NULL_CONVERSION = YES;
				CLANG_WARN_OBJC_IMPLICIT_RETAIN_SELF = YES;
				CLANG_WARN_OBJC_LITERAL_CONVERSION = YES;
				CLANG_WARN_OBJC_ROOT_CLASS = YES_ERROR;
				CLANG_WARN_QUOTED_INCLUDE_IN_FRAMEWORK_HEADER = YES;
				CLANG_WARN_RANGE_LOOP_ANALYSIS = YES;
				CLANG_WARN_STRICT_PROTOTYPES = YES;
				CLANG_WARN_SUSPICIOUS_MOVE = YES;
				CLANG_WARN_UNGUARDED_AVAILABILITY = YES_AGGRESSIVE;
				CLANG_WARN_UNREACHABLE_CODE = YES;
				CLANG_WARN__DUPLICATE_METHOD_MATCH = YES;
				COPY_PHASE_STRIP = NO;
				DEBUG_INFORMATION_FORMAT = dwarf;
				ENABLE_STRICT_OBJC_MSGSEND = YES;
				ENABLE_TESTABILITY = YES;
				ENABLE_USER_SCRIPT_SANDBOXING = YES;
				GCC_C_LANGUAGE_STANDARD = gnu17;
				GCC_DYNAMIC_NO_PIC = NO;
				GCC_NO_COMMON_BLOCKS = YES;
				GCC_OPTIMIZATION_LEVEL = 0;
				GCC_PREPROCESSOR_DEFINITIONS = (
					"DEBUG=1",
					"$(inherited)",
				);
				GCC_WARN_64_TO_32_BIT_CONVERSION = YES;
				GCC_WARN_ABOUT_RETURN_TYPE = YES_ERROR;
				GCC_WARN_UNDECLARED_SELECTOR = YES;
				GCC_WARN_UNINITIALIZED_AUTOS = YES_AGGRESSIVE;
				GCC_WARN_UNUSED_FUNCTION = YES;
				GCC_WARN_UNUSED_VARIABLE = YES;
				IPHONEOS_DEPLOYMENT_TARGET = 18.5;
				LOCALIZATION_PREFERS_STRING_CATALOGS = YES;
				MTL_ENABLE_DEBUG_INFO = INCLUDE_SOURCE;
				MTL_FAST_MATH = YES;
				ONLY_ACTIVE_ARCH = YES;
				SDKROOT = iphoneos;
				SWIFT_ACTIVE_COMPILATION_CONDITIONS = "DEBUG $(inherited)";
				SWIFT_OPTIMIZATION_LEVEL = "-Onone";
			};
			name = Debug;
		};
		74D9B6752DEED1850070DDE5 /* Release */ = {
			isa = XCBuildConfiguration;
			buildSettings = {
				ALWAYS_SEARCH_USER_PATHS = NO;
				ASSETCATALOG_COMPILER_GENERATE_SWIFT_ASSET_SYMBOL_EXTENSIONS = YES;
				CLANG_ANALYZER_NONNULL = YES;
				CLANG_ANALYZER_NUMBER_OBJECT_CONVERSION = YES_AGGRESSIVE;
				CLANG_CXX_LANGUAGE_STANDARD = "gnu++20";
				CLANG_ENABLE_MODULES = YES;
				CLANG_ENABLE_OBJC_ARC = YES;
				CLANG_ENABLE_OBJC_WEAK = YES;
				CLANG_WARN_BLOCK_CAPTURE_AUTORELEASING = YES;
				CLANG_WARN_BOOL_CONVERSION = YES;
				CLANG_WARN_COMMA = YES;
				CLANG_WARN_CONSTANT_CONVERSION = YES;
				CLANG_WARN_DEPRECATED_OBJC_IMPLEMENTATIONS = YES;
				CLANG_WARN_DIRECT_OBJC_ISA_USAGE = YES_ERROR;
				CLANG_WARN_DOCUMENTATION_COMMENTS = YES;
				CLANG_WARN_EMPTY_BODY = YES;
				CLANG_WARN_ENUM_CONVERSION = YES;
				CLANG_WARN_INFINITE_RECURSION = YES;
				CLANG_WARN_INT_CONVERSION = YES;
				CLANG_WARN_NON_LITERAL_NULL_CONVERSION = YES;
				CLANG_WARN_OBJC_IMPLICIT_RETAIN_SELF = YES;
				CLANG_WARN_OBJC_LITERAL_CONVERSION = YES;
				CLANG_WARN_OBJC_ROOT_CLASS = YES_ERROR;
				CLANG_WARN_QUOTED_INCLUDE_IN_FRAMEWORK_HEADER = YES;
				CLANG_WARN_RANGE_LOOP_ANALYSIS = YES;
				CLANG_WARN_STRICT_PROTOTYPES = YES;
				CLANG_WARN_SUSPICIOUS_MOVE = YES;
				CLANG_WARN_UNGUARDED_AVAILABILITY = YES_AGGRESSIVE;
				CLANG_WARN_UNREACHABLE_CODE = YES;
				CLANG_WARN__DUPLICATE_METHOD_MATCH = YES;
				COPY_PHASE_STRIP = NO;
				DEBUG_INFORMATION_FORMAT = "dwarf-with-dsym";
				ENABLE_NS_ASSERTIONS = NO;
				ENABLE_STRICT_OBJC_MSGSEND = YES;
				ENABLE_USER_SCRIPT_SANDBOXING = YES;
				GCC_C_LANGUAGE_STANDARD = gnu17;
				GCC_NO_COMMON_BLOCKS = YES;
				GCC_WARN_64_TO_32_BIT_CONVERSION = YES;
				GCC_WARN_ABOUT_RETURN_TYPE = YES_ERROR;
				GCC_WARN_UNDECLARED_SELECTOR = YES;
				GCC_WARN_UNINITIALIZED_AUTOS = YES_AGGRESSIVE;
				GCC_WARN_UNUSED_FUNCTION = YES;
				GCC_WARN_UNUSED_VARIABLE = YES;
				IPHONEOS_DEPLOYMENT_TARGET = 18.5;
				LOCALIZATION_PREFERS_STRING_CATALOGS = YES;
				MTL_ENABLE_DEBUG_INFO = NO;
				MTL_FAST_MATH = YES;
				SDKROOT = iphoneos;
				SWIFT_COMPILATION_MODE = wholemodule;
				VALIDATE_PRODUCT = YES;
			};
			name = Release;
		};
/* End XCBuildConfiguration section */

/* Begin XCConfigurationList section */
		74D9B6592DEED1840070DDE5 /* Build configuration list for PBXProject "TapEndMergeKit" */ = {
			isa = XCConfigurationList;
			buildConfigurations = (
				74D9B6742DEED1850070DDE5 /* Debug */,
				74D9B6752DEED1850070DDE5 /* Release */,
			);
			defaultConfigurationIsVisible = 0;
			defaultConfigurationName = Release;
		};
		74D9B6712DEED1850070DDE5 /* Build configuration list for PBXNativeTarget "TapEndMergeKit" */ = {
			isa = XCConfigurationList;
			buildConfigurations = (
				74D9B6722DEED1850070DDE5 /* Debug */,
				74D9B6732DEED1850070DDE5 /* Release */,
			);
			defaultConfigurationIsVisible = 0;
			defaultConfigurationName = Release;
		};
/* End XCConfigurationList section */

/* Begin XCRemoteSwiftPackageReference section */
		741062282DF97DE200E64B15 /* XCRemoteSwiftPackageReference "OneSignal-iOS-SDK" */ = {
			isa = XCRemoteSwiftPackageReference;
			repositoryURL = "https://github.com/OneSignal/OneSignal-iOS-SDK";
			requirement = {
				kind = upToNextMajorVersion;
				minimumVersion = 5.2.14;
			};
		};
/* End XCRemoteSwiftPackageReference section */

/* Begin XCSwiftPackageProductDependency section */
		741062292DF97DE200E64B15 /* OneSignalExtension */ = {
			isa = XCSwiftPackageProductDependency;
			package = 741062282DF97DE200E64B15 /* XCRemoteSwiftPackageReference "OneSignal-iOS-SDK" */;
			productName = OneSignalExtension;
		};
		7410622B2DF97DE200E64B15 /* OneSignalFramework */ = {
			isa = XCSwiftPackageProductDependency;
			package = 741062282DF97DE200E64B15 /* XCRemoteSwiftPackageReference "OneSignal-iOS-SDK" */;
			productName = OneSignalFramework;
		};
		7410622D2DF97DE200E64B15 /* OneSignalInAppMessages */ = {
			isa = XCSwiftPackageProductDependency;
			package = 741062282DF97DE200E64B15 /* XCRemoteSwiftPackageReference "OneSignal-iOS-SDK" */;
			productName = OneSignalInAppMessages;
		};
		7410622F2DF97DE200E64B15 /* OneSignalLocation */ = {
			isa = XCSwiftPackageProductDependency;
			package = 741062282DF97DE200E64B15 /* XCRemoteSwiftPackageReference "OneSignal-iOS-SDK" */;
			productName = OneSignalLocation;
		};
/* End XCSwiftPackageProductDependency section */
	};
	rootObject = 74D9B6562DEED1840070DDE5 /* Project object */;
}
